
Microsoft Visual Studio Solution File, Format Version 12.00
# Visual Studio Version 17
VisualStudioVersion = 17.12.35707.178 d17.12
MinimumVisualStudioVersion = 10.0.40219.1
Project("{FAE04EC0-301F-11D3-BF4B-00C04F79EFBC}") = "MoviesLib24", "MoviesLib24\MoviesLib24.csproj", "{1C915150-65B5-4607-ACD9-C8AF07808079}"
EndProject
Project("{FAE04EC0-301F-11D3-BF4B-00C04F79EFBC}") = "MoviesLib24Tests", "MoviesLib24Tests\MoviesLib24Tests.csproj", "{A319AA66-BC6F-4D6D-8582-517B2ABBBA4C}"
EndProject
Global
	GlobalSection(SolutionConfigurationPlatforms) = preSolution
		Debug|Any CPU = Debug|Any CPU
		Release|Any CPU = Release|Any CPU
	EndGlobalSection
	GlobalSection(ProjectConfigurationPlatforms) = postSolution
		{1C915150-65B5-4607-ACD9-C8AF07808079}.Debug|Any CPU.ActiveCfg = Debug|Any CPU
		{1C915150-65B5-4607-ACD9-C8AF07808079}.Debug|Any CPU.Build.0 = Debug|Any CPU
		{1C915150-65B5-4607-ACD9-C8AF07808079}.Release|Any CPU.ActiveCfg = Release|Any CPU
		{1C915150-65B5-4607-ACD9-C8AF07808079}.Release|Any CPU.Build.0 = Release|Any CPU
		{A319AA66-BC6F-4D6D-8582-517B2ABBBA4C}.Debug|Any CPU.ActiveCfg = Debug|Any CPU
		{A319AA66-BC6F-4D6D-8582-517B2ABBBA4C}.Debug|Any CPU.Build.0 = Debug|Any CPU
		{A319AA66-BC6F-4D6D-8582-517B2ABBBA4C}.Release|Any CPU.ActiveCfg = Release|Any CPU
		{A319AA66-BC6F-4D6D-8582-517B2ABBBA4C}.Release|Any CPU.Build.0 = Release|Any CPU
	EndGlobalSection
	GlobalSection(SolutionProperties) = preSolution
		HideSolutionNode = FALSE
	EndGlobalSection
EndGlobal
